// !$*UTF8*$!
{
	archiveVersion = 1;
	classes = {
	};
	objectVersion = 77;
	objects = {

/* Begin PBXBuildFile section */
		515B029D2F61D09000A34A1E /* Localizable.xcstrings in Resources */ = {isa = PBXBuildFile; fileRef = 515B029C2F61D09000A34A1E /* Localizable.xcstrings */; };
		51CCEAFF2F62A4B600B31353 /* Adhan in Frameworks */ = {isa = PBXBuildFile; productRef = 51CCEAFE2F62A4B600B31353 /* Adhan */; };
		A1B2C3D4E5F60718293A4B5C /* Localizable.xcstrings in Resources */ = {isa = PBXBuildFile; fileRef = 515B029C2F61D09000A34A1E /* Localizable.xcstrings */; };
		XX138195016622741BA4F2XX /* ZIPFoundation in Frameworks */ = {isa = PBXBuildFile; productRef = XX29D523DEC070072754C1XX /* ZIPFoundation */; };
		XX247A804DFEA92F3F8DFBXX /* FirebaseCore in Frameworks */ = {isa = PBXBuildFile; productRef = XXC748406B27E3C1B9FE9CXX /* FirebaseCore */; };
		XX24AE8F620C1DB43CB899XX /* GoogleMobileAds in Frameworks */ = {isa = PBXBuildFile; productRef = XX8F494C59FCF7797D1C3CXX /* GoogleMobileAds */; };
		XX298127CFBB2CF3FA631BXX /* RevenueCat in Frameworks */ = {isa = PBXBuildFile; productRef = XXDCC169DE7B2F3C1C8B10XX /* RevenueCat */; };
		XX528D1E429C819EC4858EXX /* FirebaseAuth in Frameworks */ = {isa = PBXBuildFile; productRef = XX8A164A1710FD6D9E33FEXX /* FirebaseAuth */; };
		XXC2732D520C02064817F5XX /* GoogleSignIn in Frameworks */ = {isa = PBXBuildFile; productRef = XXB48B343CDA2FFA072770XX /* GoogleSignIn */; };
		XXD26A2ABB9E4D97A19F04XX /* ZikrimWidget.appex in Embed Foundation Extensions */ = {isa = PBXBuildFile; fileRef = XX0FC7022BD5D7A3139C00XX /* ZikrimWidget.appex */; settings = {ATTRIBUTES = (RemoveHeadersOnCopy, ); }; };
		XXDB1E089E7A6A563E00DBXX /* RevenueCatUI in Frameworks */ = {isa = PBXBuildFile; productRef = XXEAC818FB99284308FEDEXX /* RevenueCatUI */; };
		XXFCMBUILDFILE001XX /* FirebaseMessaging in Frameworks */ = {isa = PBXBuildFile; productRef = XXFCMPRODUCTDEP01XX /* FirebaseMessaging */; };
/* End PBXBuildFile section */

/* Begin PBXContainerItemProxy section */
		105FC58A2E9EAD3200EA8BCF /* PBXContainerItemProxy */ = {
			isa = PBXContainerItemProxy;
			containerPortal = 105FC5722E9EAD3100EA8BCF /* Project object */;
			proxyType = 1;
			remoteGlobalIDString = 105FC5792E9EAD3100EA8BCF;
			remoteInfo = ZikrimDuaVeTesbihat;
		};
		105FC5942E9EAD3200EA8BCF /* PBXContainerItemProxy */ = {
			isa = PBXContainerItemProxy;
			containerPortal = 105FC5722E9EAD3100EA8BCF /* Project object */;
			proxyType = 1;
			remoteGlobalIDString = 105FC5792E9EAD3100EA8BCF;
			remoteInfo = ZikrimDuaVeTesbihat;
		};
		XX293D77231FD079732493XX /* PBXContainerItemProxy */ = {
			isa = PBXContainerItemProxy;
			containerPortal = 105FC5722E9EAD3100EA8BCF /* Project object */;
			proxyType = 1;
			remoteGlobalIDString = XX67E6AC053A1D88C8A1B8XX;
			remoteInfo = ZikrimWidget;
		};
/* End PBXContainerItemProxy section */

/* Begin PBXCopyFilesBuildPhase section */
		XX724A4FB703ED44448B6CXX /* Embed Foundation Extensions */ = {
			isa = PBXCopyFilesBuildPhase;
			buildActionMask = 2147483647;
			dstPath = "";
			dstSubfolderSpec = 13;
			files = (
				XXD26A2ABB9E4D97A19F04XX /* ZikrimWidget.appex in Embed Foundation Extensions */,
			);
			name = "Embed Foundation Extensions";
			runOnlyForDeploymentPostprocessing = 0;
		};
/* End PBXCopyFilesBuildPhase section */

/* Begin PBXFileReference section */
		105FC57A2E9EAD3100EA8BCF /* ZikrimDuaVeTesbihat.app */ = {isa = PBXFileReference; explicitFileType = wrapper.application; includeInIndex = 0; path = ZikrimDuaVeTesbihat.app; sourceTree = BUILT_PRODUCTS_DIR; };
		105FC5892E9EAD3200EA8BCF /* ZikrimDuaVeTesbihatTests.xctest */ = {isa = PBXFileReference; explicitFileType = wrapper.cfbundle; includeInIndex = 0; path = ZikrimDuaVeTesbihatTests.xctest; sourceTree = BUILT_PRODUCTS_DIR; };
		105FC5932E9EAD3200EA8BCF /* ZikrimDuaVeTesbihatUITests.xctest */ = {isa = PBXFileReference; explicitFileType = wrapper.cfbundle; includeInIndex = 0; path = ZikrimDuaVeTesbihatUITests.xctest; sourceTree = BUILT_PRODUCTS_DIR; };
		515B029C2F61D09000A34A1E /* Localizable.xcstrings */ = {isa = PBXFileReference; lastKnownFileType = text.json.xcstrings; path = Localizable.xcstrings; sourceTree = "<group>"; };
		XX0FC7022BD5D7A3139C00XX /* ZikrimWidget.appex */ = {isa = PBXFileReference; explicitFileType = "wrapper.app-extension"; includeInIndex = 0; path = ZikrimWidget.appex; sourceTree = BUILT_PRODUCTS_DIR; };
/* End PBXFileReference section */

/* Begin PBXFileSystemSynchronizedBuildFileExceptionSet section */
		XXD58E70CE4D08E973567AXX /* Exceptions for "ZikrimWidget" folder in "ZikrimWidget" target */ = {
			isa = PBXFileSystemSynchronizedBuildFileExceptionSet;
			membershipExceptions = (
				Info.plist,
			);
			target = XX67E6AC053A1D88C8A1B8XX /* ZikrimWidget */;
		};
		XXINFOPLIST001EXCEPTIONXX /* Exceptions for "ZikrimDuaVeTesbihat" folder in "ZikrimDuaVeTesbihat" target */ = {
			isa = PBXFileSystemSynchronizedBuildFileExceptionSet;
			membershipExceptions = (
				Info.plist,
			);
			target = 105FC5792E9EAD3100EA8BCF /* ZikrimDuaVeTesbihat */;
		};
/* End PBXFileSystemSynchronizedBuildFileExceptionSet section */

/* Begin PBXFileSystemSynchronizedRootGroup section */
		105FC57C2E9EAD3100EA8BCF /* ZikrimDuaVeTesbihat */ = {
			isa = PBXFileSystemSynchronizedRootGroup;
			exceptions = (
				XXINFOPLIST001EXCEPTIONXX /* Exceptions for "ZikrimDuaVeTesbihat" folder in "ZikrimDuaVeTesbihat" target */,
			);
			path = ZikrimDuaVeTesbihat;
			sourceTree = "<group>";
		};
		105FC58C2E9EAD3200EA8BCF /* ZikrimDuaVeTesbihatTests */ = {
			isa = PBXFileSystemSynchronizedRootGroup;
			path = ZikrimDuaVeTesbihatTests;
			sourceTree = "<group>";
		};
		105FC5962E9EAD3200EA8BCF /* ZikrimDuaVeTesbihatUITests */ = {
			isa = PBXFileSystemSynchronizedRootGroup;
			path = ZikrimDuaVeTesbihatUITests;
			sourceTree = "<group>";
		};
		XX4D8DB4C88E779573B388XX /* ZikrimWidget */ = {
			isa = PBXFileSystemSynchronizedRootGroup;
			exceptions = (
				XXD58E70CE4D08E973567AXX /* Exceptions for "ZikrimWidget" folder in "ZikrimWidget" target */,
			);
			path = ZikrimWidget;
			sourceTree = "<group>";
		};
/* End PBXFileSystemSynchronizedRootGroup section */

/* Begin PBXFrameworksBuildPhase section */
		105FC5772E9EAD3100EA8BCF /* Frameworks */ = {
			isa = PBXFrameworksBuildPhase;
			buildActionMask = 2147483647;
			files = (
				XX298127CFBB2CF3FA631BXX /* RevenueCat in Frameworks */,
				XXDB1E089E7A6A563E00DBXX /* RevenueCatUI in Frameworks */,
				XX24AE8F620C1DB43CB899XX /* GoogleMobileAds in Frameworks */,
				XX528D1E429C819EC4858EXX /* FirebaseAuth in Frameworks */,
				XXFCMBUILDFILE001XX /* FirebaseMessaging in Frameworks */,
				51CCEAFF2F62A4B600B31353 /* Adhan in Frameworks */,
				XX247A804DFEA92F3F8DFBXX /* FirebaseCore in Frameworks */,
				XXC2732D520C02064817F5XX /* GoogleSignIn in Frameworks */,
				XX138195016622741BA4F2XX /* ZIPFoundation in Frameworks */,
			);
			runOnlyForDeploymentPostprocessing = 0;
		};
		105FC5862E9EAD3200EA8BCF /* Frameworks */ = {
			isa = PBXFrameworksBuildPhase;
			buildActionMask = 2147483647;
			files = (
			);
			runOnlyForDeploymentPostprocessing = 0;
		};
		105FC5902E9EAD3200EA8BCF /* Frameworks */ = {
			isa = PBXFrameworksBuildPhase;
			buildActionMask = 2147483647;
			files = (
			);
			runOnlyForDeploymentPostprocessing = 0;
		};
		XX28A9A27FCA465D91AA27XX /* Frameworks */ = {
			isa = PBXFrameworksBuildPhase;
			buildActionMask = 2147483647;
			files = (
			);
			runOnlyForDeploymentPostprocessing = 0;
		};
/* End PBXFrameworksBuildPhase section */

/* Begin PBXGroup section */
		105FC5712E9EAD3100EA8BCF = {
			isa = PBXGroup;
			children = (
				515B029C2F61D09000A34A1E /* Localizable.xcstrings */,
				105FC57C2E9EAD3100EA8BCF /* ZikrimDuaVeTesbihat */,
				105FC58C2E9EAD3200EA8BCF /* ZikrimDuaVeTesbihatTests */,
				105FC5962E9EAD3200EA8BCF /* ZikrimDuaVeTesbihatUITests */,
				105FC57B2E9EAD3100EA8BCF /* Products */,
				XX4D8DB4C88E779573B388XX /* ZikrimWidget */,
				51CCEAFD2F62A4B600B31353 /* Frameworks */,
			);
			sourceTree = "<group>";
		};
		105FC57B2E9EAD3100EA8BCF /* Products */ = {
			isa = PBXGroup;
			children = (
				105FC57A2E9EAD3100EA8BCF /* ZikrimDuaVeTesbihat.app */,
				105FC5892E9EAD3200EA8BCF /* ZikrimDuaVeTesbihatTests.xctest */,
				105FC5932E9EAD3200EA8BCF /* ZikrimDuaVeTesbihatUITests.xctest */,
				XX0FC7022BD5D7A3139C00XX /* ZikrimWidget.appex */,
			);
			name = Products;
			sourceTree = "<group>";
		};
		51CCEAFD2F62A4B600B31353 /* Frameworks */ = {
			isa = PBXGroup;
			children = (
			);
			name = Frameworks;
			sourceTree = "<group>";
		};
/* End PBXGroup section */

/* Begin PBXNativeTarget section */
		105FC5792E9EAD3100EA8BCF /* ZikrimDuaVeTesbihat */ = {
			isa = PBXNativeTarget;
			buildConfigurationList = 105FC59D2E9EAD3200EA8BCF /* Build configuration list for PBXNativeTarget "ZikrimDuaVeTesbihat" */;
			buildPhases = (
				105FC5762E9EAD3100EA8BCF /* Sources */,
				105FC5772E9EAD3100EA8BCF /* Frameworks */,
				105FC5782E9EAD3100EA8BCF /* Resources */,
				XX724A4FB703ED44448B6CXX /* Embed Foundation Extensions */,
			);
			buildRules = (
			);
			dependencies = (
				XX85BA39D9DB0E1851939FXX /* PBXTargetDependency */,
			);
			fileSystemSynchronizedGroups = (
				105FC57C2E9EAD3100EA8BCF /* ZikrimDuaVeTesbihat */,
			);
			name = ZikrimDuaVeTesbihat;
			packageProductDependencies = (
				XXDCC169DE7B2F3C1C8B10XX /* RevenueCat */,
				XXEAC818FB99284308FEDEXX /* RevenueCatUI */,
				XX8F494C59FCF7797D1C3CXX /* GoogleMobileAds */,
				XX8A164A1710FD6D9E33FEXX /* FirebaseAuth */,
				XXC748406B27E3C1B9FE9CXX /* FirebaseCore */,
				XXFCMPRODUCTDEP01XX /* FirebaseMessaging */,
				XXB48B343CDA2FFA072770XX /* GoogleSignIn */,
				XX29D523DEC070072754C1XX /* ZIPFoundation */,
				51CCEAFE2F62A4B600B31353 /* Adhan */,
			);
			productName = ZikrimDuaVeTesbihat;
			productReference = 105FC57A2E9EAD3100EA8BCF /* ZikrimDuaVeTesbihat.app */;
			productType = "com.apple.product-type.application";
		};
		105FC5882E9EAD3200EA8BCF /* ZikrimDuaVeTesbihatTests */ = {
			isa = PBXNativeTarget;
			buildConfigurationList = 105FC5A02E9EAD3200EA8BCF /* Build configuration list for PBXNativeTarget "ZikrimDuaVeTesbihatTests" */;
			buildPhases = (
				105FC5852E9EAD3200EA8BCF /* Sources */,
				105FC5862E9EAD3200EA8BCF /* Frameworks */,
				105FC5872E9EAD3200EA8BCF /* Resources */,
			);
			buildRules = (
			);
			dependencies = (
				105FC58B2E9EAD3200EA8BCF /* PBXTargetDependency */,
			);
			fileSystemSynchronizedGroups = (
				105FC58C2E9EAD3200EA8BCF /* ZikrimDuaVeTesbihatTests */,
			);
			name = ZikrimDuaVeTesbihatTests;
			packageProductDependencies = (
			);
			productName = ZikrimDuaVeTesbihatTests;
			productReference = 105FC5892E9EAD3200EA8BCF /* ZikrimDuaVeTesbihatTests.xctest */;
			productType = "com.apple.product-type.bundle.unit-test";
		};
		105FC5922E9EAD3200EA8BCF /* ZikrimDuaVeTesbihatUITests */ = {
			isa = PBXNativeTarget;
			buildConfigurationList = 105FC5A32E9EAD3200EA8BCF /* Build configuration list for PBXNativeTarget "ZikrimDuaVeTesbihatUITests" */;
			buildPhases = (
				105FC58F2E9EAD3200EA8BCF /* Sources */,
				105FC5902E9EAD3200EA8BCF /* Frameworks */,
				105FC5912E9EAD3200EA8BCF /* Resources */,
			);
			buildRules = (
			);
			dependencies = (
				105FC5952E9EAD3200EA8BCF /* PBXTargetDependency */,
			);
			fileSystemSynchronizedGroups = (
				105FC5962E9EAD3200EA8BCF /* ZikrimDuaVeTesbihatUITests */,
			);
			name = ZikrimDuaVeTesbihatUITests;
			packageProductDependencies = (
			);
			productName = ZikrimDuaVeTesbihatUITests;
			productReference = 105FC5932E9EAD3200EA8BCF /* ZikrimDuaVeTesbihatUITests.xctest */;
			productType = "com.apple.product-type.bundle.ui-testing";
		};
		XX67E6AC053A1D88C8A1B8XX /* ZikrimWidget */ = {
			isa = PBXNativeTarget;
			buildConfigurationList = XXFBC55A726BB9F21722F0XX /* Build configuration list for PBXNativeTarget "ZikrimWidget" */;
			buildPhases = (
				XX178B45C53EB340DB4155XX /* Sources */,
				XX28A9A27FCA465D91AA27XX /* Frameworks */,
				XX4FEB6E8356710642DD83XX /* Resources */,
			);
			buildRules = (
			);
			dependencies = (
			);
			fileSystemSynchronizedGroups = (
				XX4D8DB4C88E779573B388XX /* ZikrimWidget */,
			);
			name = ZikrimWidget;
			productName = ZikrimWidget;
			productReference = XX0FC7022BD5D7A3139C00XX /* ZikrimWidget.appex */;
			productType = "com.apple.product-type.app-extension";
		};
/* End PBXNativeTarget section */

/* Begin PBXProject section */
		105FC5722E9EAD3100EA8BCF /* Project object */ = {
			isa = PBXProject;
			attributes = {
				BuildIndependentTargetsInParallel = 1;
				LastSwiftUpdateCheck = 2600;
				LastUpgradeCheck = 2630;
				TargetAttributes = {
					105FC5792E9EAD3100EA8BCF = {
						CreatedOnToolsVersion = 26.0;
					};
					105FC5882E9EAD3200EA8BCF = {
						CreatedOnToolsVersion = 26.0;
						TestTargetID = 105FC5792E9EAD3100EA8BCF;
					};
					105FC5922E9EAD3200EA8BCF = {
						CreatedOnToolsVersion = 26.0;
						TestTargetID = 105FC5792E9EAD3100EA8BCF;
					};
					XX67E6AC053A1D88C8A1B8XX = {
						CreatedOnToolsVersion = 26.0;
					};
				};
			};
			buildConfigurationList = 105FC5752E9EAD3100EA8BCF /* Build configuration list for PBXProject "ZikrimDuaVeTesbihat" */;
			developmentRegion = tr;
			hasScannedForEncodings = 0;
			knownRegions = (
				en,
				ar,
				de,
				es,
				fr,
				id,
				ur,
				ms,
				ru,
				fa,
				tr,
				Base,
			);
			mainGroup = 105FC5712E9EAD3100EA8BCF;
			minimizedProjectReferenceProxies = 1;
			packageReferences = (
				XX4AC81916604C4344ADC0XX /* XCRemoteSwiftPackageReference "purchases-ios-spm" */,
				XX1FE789C155F1E4C28057XX /* XCRemoteSwiftPackageReference "swift-package-manager-google-mobile-ads" */,
				XX9B71512012E8DD248870XX /* XCRemoteSwiftPackageReference "firebase-ios-sdk" */,
				XX5E367D25F4C8BB4A06F5XX /* XCRemoteSwiftPackageReference "GoogleSignIn-iOS" */,
				XX33930A5BFB36815F756DXX /* XCRemoteSwiftPackageReference "ZIPFoundation" */,
				51CCEAFC2F62A39800B31353 /* XCRemoteSwiftPackageReference "adhan-swift" */,
			);
			preferredProjectObjectVersion = 77;
			productRefGroup = 105FC57B2E9EAD3100EA8BCF /* Products */;
			projectDirPath = "";
			projectRoot = "";
			targets = (
				105FC5792E9EAD3100EA8BCF /* ZikrimDuaVeTesbihat */,
				105FC5882E9EAD3200EA8BCF /* ZikrimDuaVeTesbihatTests */,
				105FC5922E9EAD3200EA8BCF /* ZikrimDuaVeTesbihatUITests */,
				XX67E6AC053A1D88C8A1B8XX /* ZikrimWidget */,
			);
		};
/* End PBXProject section */

/* Begin PBXResourcesBuildPhase section */
		105FC5782E9EAD3100EA8BCF /* Resources */ = {
			isa = PBXResourcesBuildPhase;
			buildActionMask = 2147483647;
			files = (
				515B029D2F61D09000A34A1E /* Localizable.xcstrings in Resources */,
			);
			runOnlyForDeploymentPostprocessing = 0;
		};
		105FC5872E9EAD3200EA8BCF /* Resources */ = {
			isa = PBXResourcesBuildPhase;
			buildActionMask = 2147483647;
			files = (
			);
			runOnlyForDeploymentPostprocessing = 0;
		};
		105FC5912E9EAD3200EA8BCF /* Resources */ = {
			isa = PBXResourcesBuildPhase;
			buildActionMask = 2147483647;
			files = (
			);
			runOnlyForDeploymentPostprocessing = 0;
		};
		XX4FEB6E8356710642DD83XX /* Resources */ = {
			isa = PBXResourcesBuildPhase;
			buildActionMask = 2147483647;
			files = (
				A1B2C3D4E5F60718293A4B5C /* Localizable.xcstrings in Resources */,
			);
			runOnlyForDeploymentPostprocessing = 0;
		};
/* End PBXResourcesBuildPhase section */

/* Begin PBXSourcesBuildPhase section */
		105FC5762E9EAD3100EA8BCF /* Sources */ = {
			isa = PBXSourcesBuildPhase;
			buildActionMask = 2147483647;
			files = (
			);
			runOnlyForDeploymentPostprocessing = 0;
		};
		105FC5852E9EAD3200EA8BCF /* Sources */ = {
			isa = PBXSourcesBuildPhase;
			buildActionMask = 2147483647;
			files = (
			);
			runOnlyForDeploymentPostprocessing = 0;
		};
		105FC58F2E9EAD3200EA8BCF /* Sources */ = {
			isa = PBXSourcesBuildPhase;
			buildActionMask = 2147483647;
			files = (
			);
			runOnlyForDeploymentPostprocessing = 0;
		};
		XX178B45C53EB340DB4155XX /* Sources */ = {
			isa = PBXSourcesBuildPhase;
			buildActionMask = 2147483647;
			files = (
			);
			runOnlyForDeploymentPostprocessing = 0;
		};
/* End PBXSourcesBuildPhase section */

/* Begin PBXTargetDependency section */
		105FC58B2E9EAD3200EA8BCF /* PBXTargetDependency */ = {
			isa = PBXTargetDependency;
			target = 105FC5792E9EAD3100EA8BCF /* ZikrimDuaVeTesbihat */;
			targetProxy = 105FC58A2E9EAD3200EA8BCF /* PBXContainerItemProxy */;
		};
		105FC5952E9EAD3200EA8BCF /* PBXTargetDependency */ = {
			isa = PBXTargetDependency;
			target = 105FC5792E9EAD3100EA8BCF /* ZikrimDuaVeTesbihat */;
			targetProxy = 105FC5942E9EAD3200EA8BCF /* PBXContainerItemProxy */;
		};
		XX85BA39D9DB0E1851939FXX /* PBXTargetDependency */ = {
			isa = PBXTargetDependency;
			target = XX67E6AC053A1D88C8A1B8XX /* ZikrimWidget */;
			targetProxy = XX293D77231FD079732493XX /* PBXContainerItemProxy */;
		};
/* End PBXTargetDependency section */

/* Begin XCBuildConfiguration section */
		105FC59B2E9EAD3200EA8BCF /* Debug */ = {
			isa = XCBuildConfiguration;
			buildSettings = {
				ALWAYS_SEARCH_USER_PATHS = NO;
				ASSETCATALOG_COMPILER_GENERATE_SWIFT_ASSET_SYMBOL_EXTENSIONS = YES;
				CLANG_ANALYZER_LOCALIZABILITY_NONLOCALIZED = YES;
				CLANG_ANALYZER_NONNULL = YES;
				CLANG_ANALYZER_NUMBER_OBJECT_CONVERSION = YES_AGGRESSIVE;
				CLANG_CXX_LANGUAGE_STANDARD = "gnu++20";
				CLANG_ENABLE_MODULES = YES;
				CLANG_ENABLE_OBJC_ARC = YES;
				CLANG_ENABLE_OBJC_WEAK = YES;
				CLANG_WARN_BLOCK_CAPTURE_AUTORELEASING = YES;
				CLANG_WARN_BOOL_CONVERSION = YES;
				CLANG_WARN_COMMA = YES;
				CLANG_WARN_CONSTANT_CONVERSION = YES;
				CLANG_WARN_DEPRECATED_OBJC_IMPLEMENTATIONS = YES;
				CLANG_WARN_DIRECT_OBJC_ISA_USAGE = YES_ERROR;
				CLANG_WARN_DOCUMENTATION_COMMENTS = YES;
				CLANG_WARN_EMPTY_BODY = YES;
				CLANG_WARN_ENUM_CONVERSION = YES;
				CLANG_WARN_INFINITE_RECURSION = YES;
				CLANG_WARN_INT_CONVERSION = YES;
				CLANG_WARN_NON_LITERAL_NULL_CONVERSION = YES;
				CLANG_WARN_OBJC_IMPLICIT_RETAIN_SELF = YES;
				CLANG_WARN_OBJC_LITERAL_CONVERSION = YES;
				CLANG_WARN_OBJC_ROOT_CLASS = YES_ERROR;
				CLANG_WARN_QUOTED_INCLUDE_IN_FRAMEWORK_HEADER = YES;
				CLANG_WARN_RANGE_LOOP_ANALYSIS = YES;
				CLANG_WARN_STRICT_PROTOTYPES = YES;
				CLANG_WARN_SUSPICIOUS_MOVE = YES;
				CLANG_WARN_UNGUARDED_AVAILABILITY = YES_AGGRESSIVE;
				CLANG_WARN_UNREACHABLE_CODE = YES;
				CLANG_WARN__DUPLICATE_METHOD_MATCH = YES;
				COPY_PHASE_STRIP = NO;
				DEBUG_INFORMATION_FORMAT = dwarf;
				DEVELOPMENT_TEAM = FCZP8AS8CG;
				ENABLE_STRICT_OBJC_MSGSEND = YES;
				ENABLE_TESTABILITY = YES;
				ENABLE_USER_SCRIPT_SANDBOXING = YES;
				GCC_C_LANGUAGE_STANDARD = gnu17;
				GCC_DYNAMIC_NO_PIC = NO;
				GCC_NO_COMMON_BLOCKS = YES;
				GCC_OPTIMIZATION_LEVEL = 0;
				GCC_PREPROCESSOR_DEFINITIONS = (
					"DEBUG=1",
					"$(inherited)",
				);
				GCC_WARN_64_TO_32_BIT_CONVERSION = YES;
				GCC_WARN_ABOUT_RETURN_TYPE = YES_ERROR;
				GCC_WARN_UNDECLARED_SELECTOR = YES;
				GCC_WARN_UNINITIALIZED_AUTOS = YES_AGGRESSIVE;
				GCC_WARN_UNUSED_FUNCTION = YES;
				GCC_WARN_UNUSED_VARIABLE = YES;
				IPHONEOS_DEPLOYMENT_TARGET = 18.0;
				LOCALIZATION_PREFERS_STRING_CATALOGS = YES;
				MTL_ENABLE_DEBUG_INFO = INCLUDE_SOURCE;
				MTL_FAST_MATH = YES;
				ONLY_ACTIVE_ARCH = YES;
				SDKROOT = iphoneos;
				STRING_CATALOG_GENERATE_SYMBOLS = YES;
				SWIFT_ACTIVE_COMPILATION_CONDITIONS = "DEBUG $(inherited)";
				SWIFT_EMIT_LOC_STRINGS = YES;
				SWIFT_OPTIMIZATION_LEVEL = "-Onone";
			};
			name = Debug;
		};
		105FC59C2E9EAD3200EA8BCF /* Release */ = {
			isa = XCBuildConfiguration;
			buildSettings = {
				ALWAYS_SEARCH_USER_PATHS = NO;
				ASSETCATALOG_COMPILER_GENERATE_SWIFT_ASSET_SYMBOL_EXTENSIONS = YES;
				CLANG_ANALYZER_LOCALIZABILITY_NONLOCALIZED = YES;
				CLANG_ANALYZER_NONNULL = YES;
				CLANG_ANALYZER_NUMBER_OBJECT_CONVERSION = YES_AGGRESSIVE;
				CLANG_CXX_LANGUAGE_STANDARD = "gnu++20";
				CLANG_ENABLE_MODULES = YES;
				CLANG_ENABLE_OBJC_ARC = YES;
				CLANG_ENABLE_OBJC_WEAK = YES;
				CLANG_WARN_BLOCK_CAPTURE_AUTORELEASING = YES;
				CLANG_WARN_BOOL_CONVERSION = YES;
				CLANG_WARN_COMMA = YES;
				CLANG_WARN_CONSTANT_CONVERSION = YES;
				CLANG_WARN_DEPRECATED_OBJC_IMPLEMENTATIONS = YES;
				CLANG_WARN_DIRECT_OBJC_ISA_USAGE = YES_ERROR;
				CLANG_WARN_DOCUMENTATION_COMMENTS = YES;
				CLANG_WARN_EMPTY_BODY = YES;
				CLANG_WARN_ENUM_CONVERSION = YES;
				CLANG_WARN_INFINITE_RECURSION = YES;
				CLANG_WARN_INT_CONVERSION = YES;
				CLANG_WARN_NON_LITERAL_NULL_CONVERSION = YES;
				CLANG_WARN_OBJC_IMPLICIT_RETAIN_SELF = YES;
				CLANG_WARN_OBJC_LITERAL_CONVERSION = YES;
				CLANG_WARN_OBJC_ROOT_CLASS = YES_ERROR;
				CLANG_WARN_QUOTED_INCLUDE_IN_FRAMEWORK_HEADER = YES;
				CLANG_WARN_RANGE_LOOP_ANALYSIS = YES;
				CLANG_WARN_STRICT_PROTOTYPES = YES;
				CLANG_WARN_SUSPICIOUS_MOVE = YES;
				CLANG_WARN_UNGUARDED_AVAILABILITY = YES_AGGRESSIVE;
				CLANG_WARN_UNREACHABLE_CODE = YES;
				CLANG_WARN__DUPLICATE_METHOD_MATCH = YES;
				COPY_PHASE_STRIP = NO;
				DEBUG_INFORMATION_FORMAT = "dwarf-with-dsym";
				DEVELOPMENT_TEAM = FCZP8AS8CG;
				ENABLE_NS_ASSERTIONS = NO;
				ENABLE_STRICT_OBJC_MSGSEND = YES;
				ENABLE_USER_SCRIPT_SANDBOXING = YES;
				GCC_C_LANGUAGE_STANDARD = gnu17;
				GCC_NO_COMMON_BLOCKS = YES;
				GCC_WARN_64_TO_32_BIT_CONVERSION = YES;
				GCC_WARN_ABOUT_RETURN_TYPE = YES_ERROR;
				GCC_WARN_UNDECLARED_SELECTOR = YES;
				GCC_WARN_UNINITIALIZED_AUTOS = YES_AGGRESSIVE;
				GCC_WARN_UNUSED_FUNCTION = YES;
				GCC_WARN_UNUSED_VARIABLE = YES;
				IPHONEOS_DEPLOYMENT_TARGET = 18.0;
				LOCALIZATION_PREFERS_STRING_CATALOGS = YES;
				MTL_ENABLE_DEBUG_INFO = NO;
				MTL_FAST_MATH = YES;
				SDKROOT = iphoneos;
				STRING_CATALOG_GENERATE_SYMBOLS = YES;
				SWIFT_COMPILATION_MODE = wholemodule;
				SWIFT_EMIT_LOC_STRINGS = YES;
				VALIDATE_PRODUCT = YES;
			};
			name = Release;
		};
		105FC59E2E9EAD3200EA8BCF /* Debug */ = {
			isa = XCBuildConfiguration;
			buildSettings = {
				ASSETCATALOG_COMPILER_APPICON_NAME = AppIcon;
				ASSETCATALOG_COMPILER_GLOBAL_ACCENT_COLOR_NAME = AccentColor;
				CODE_SIGN_ENTITLEMENTS = ZikrimDuaVeTesbihat/ZikrimDuaZikirSayac.entitlements;
				CODE_SIGN_STYLE = Automatic;
				CURRENT_PROJECT_VERSION = 5;
				ENABLE_PREVIEWS = YES;
				GENERATE_INFOPLIST_FILE = NO;
				INFOPLIST_FILE = ZikrimDuaVeTesbihat/Info.plist;
				INFOPLIST_KEY_CFBundleDisplayName = Zikrim;
				INFOPLIST_KEY_LSApplicationCategoryType = "public.app-category.lifestyle";
				LD_RUNPATH_SEARCH_PATHS = (
					"$(inherited)",
					"@executable_path/Frameworks",
				);
				MARKETING_VERSION = 1.0.7;
				PRODUCT_BUNDLE_IDENTIFIER = app.rork.pu2jopnhgtfk3o9m6amda.2de8110f;
				PRODUCT_NAME = "$(TARGET_NAME)";
				STRING_CATALOG_GENERATE_SYMBOLS = YES;
				SWIFT_APPROACHABLE_CONCURRENCY = YES;
				SWIFT_DEFAULT_ACTOR_ISOLATION = MainActor;
				SWIFT_EMIT_LOC_STRINGS = YES;
				SWIFT_UPCOMING_FEATURE_MEMBER_IMPORT_VISIBILITY = YES;
				SWIFT_VERSION = 5.0;
				TARGETED_DEVICE_FAMILY = "1,2";
			};
			name = Debug;
		};
		105FC59F2E9EAD3200EA8BCF /* Release */ = {
			isa = XCBuildConfiguration;
			buildSettings = {
				ASSETCATALOG_COMPILER_APPICON_NAME = AppIcon;
				ASSETCATALOG_COMPILER_GLOBAL_ACCENT_COLOR_NAME = AccentColor;
				CODE_SIGN_ENTITLEMENTS = ZikrimDuaVeTesbihat/ZikrimDuaZikirSayac.entitlements;
				CODE_SIGN_STYLE = Automatic;
				CURRENT_PROJECT_VERSION = 5;
				ENABLE_PREVIEWS = YES;
				GENERATE_INFOPLIST_FILE = NO;
				INFOPLIST_FILE = ZikrimDuaVeTesbihat/Info.plist;
				INFOPLIST_KEY_CFBundleDisplayName = Zikrim;
				INFOPLIST_KEY_LSApplicationCategoryType = "public.app-category.lifestyle";
				LD_RUNPATH_SEARCH_PATHS = (
					"$(inherited)",
					"@executable_path/Frameworks",
				);
				MARKETING_VERSION = 1.0.7;
				PRODUCT_BUNDLE_IDENTIFIER = app.rork.pu2jopnhgtfk3o9m6amda.2de8110f;
				PRODUCT_NAME = "$(TARGET_NAME)";
				STRING_CATALOG_GENERATE_SYMBOLS = YES;
				SWIFT_APPROACHABLE_CONCURRENCY = YES;
				SWIFT_DEFAULT_ACTOR_ISOLATION = MainActor;
				SWIFT_EMIT_LOC_STRINGS = YES;
				SWIFT_UPCOMING_FEATURE_MEMBER_IMPORT_VISIBILITY = YES;
				SWIFT_VERSION = 5.0;
				TARGETED_DEVICE_FAMILY = "1,2";
			};
			name = Release;
		};
		105FC5A12E9EAD3200EA8BCF /* Debug */ = {
			isa = XCBuildConfiguration;
			buildSettings = {
				BUNDLE_LOADER = "$(TEST_HOST)";
				CODE_SIGN_STYLE = Automatic;
				CURRENT_PROJECT_VERSION = 1;
				GENERATE_INFOPLIST_FILE = YES;
				IPHONEOS_DEPLOYMENT_TARGET = 18.0;
				MARKETING_VERSION = 1.0.0;
				PRODUCT_BUNDLE_IDENTIFIER = app.rork.pu2jopnhgtfk3o9m6amda.2de8110f.tests;
				PRODUCT_NAME = "$(TARGET_NAME)";
				STRING_CATALOG_GENERATE_SYMBOLS = NO;
				SWIFT_APPROACHABLE_CONCURRENCY = YES;
				SWIFT_EMIT_LOC_STRINGS = NO;
				SWIFT_UPCOMING_FEATURE_MEMBER_IMPORT_VISIBILITY = YES;
				SWIFT_VERSION = 5.0;
				TARGETED_DEVICE_FAMILY = "1,2";
				TEST_HOST = "$(BUILT_PRODUCTS_DIR)/ZikrimDuaVeTesbihat.app/$(BUNDLE_EXECUTABLE_FOLDER_PATH)/ZikrimDuaVeTesbihat";
			};
			name = Debug;
		};
		105FC5A22E9EAD3200EA8BCF /* Release */ = {
			isa = XCBuildConfiguration;
			buildSettings = {
				BUNDLE_LOADER = "$(TEST_HOST)";
				CODE_SIGN_STYLE = Automatic;
				CURRENT_PROJECT_VERSION = 1;
				GENERATE_INFOPLIST_FILE = YES;
				IPHONEOS_DEPLOYMENT_TARGET = 18.0;
				MARKETING_VERSION = 1.0.0;
				PRODUCT_BUNDLE_IDENTIFIER = app.rork.pu2jopnhgtfk3o9m6amda.2de8110f.tests;
				PRODUCT_NAME = "$(TARGET_NAME)";
				STRING_CATALOG_GENERATE_SYMBOLS = NO;
				SWIFT_APPROACHABLE_CONCURRENCY = YES;
				SWIFT_EMIT_LOC_STRINGS = NO;
				SWIFT_UPCOMING_FEATURE_MEMBER_IMPORT_VISIBILITY = YES;
				SWIFT_VERSION = 5.0;
				TARGETED_DEVICE_FAMILY = "1,2";
				TEST_HOST = "$(BUILT_PRODUCTS_DIR)/ZikrimDuaVeTesbihat.app/$(BUNDLE_EXECUTABLE_FOLDER_PATH)/ZikrimDuaVeTesbihat";
			};
			name = Release;
		};
		105FC5A42E9EAD3200EA8BCF /* Debug */ = {
			isa = XCBuildConfiguration;
			buildSettings = {
				CODE_SIGN_STYLE = Automatic;
				CURRENT_PROJECT_VERSION = 1;
				GENERATE_INFOPLIST_FILE = YES;
				MARKETING_VERSION = 1.0.0;
				PRODUCT_BUNDLE_IDENTIFIER = app.rork.pu2jopnhgtfk3o9m6amda.2de8110f.uitests;
				PRODUCT_NAME = "$(TARGET_NAME)";
				STRING_CATALOG_GENERATE_SYMBOLS = NO;
				SWIFT_APPROACHABLE_CONCURRENCY = YES;
				SWIFT_EMIT_LOC_STRINGS = NO;
				SWIFT_UPCOMING_FEATURE_MEMBER_IMPORT_VISIBILITY = YES;
				SWIFT_VERSION = 5.0;
				TARGETED_DEVICE_FAMILY = "1,2";
				TEST_TARGET_NAME = ZikrimDuaVeTesbihat;
			};
			name = Debug;
		};
		105FC5A52E9EAD3200EA8BCF /* Release */ = {
			isa = XCBuildConfiguration;
			buildSettings = {
				CODE_SIGN_STYLE = Automatic;
				CURRENT_PROJECT_VERSION = 1;
				GENERATE_INFOPLIST_FILE = YES;
				MARKETING_VERSION = 1.0.0;
				PRODUCT_BUNDLE_IDENTIFIER = app.rork.pu2jopnhgtfk3o9m6amda.2de8110f.uitests;
				PRODUCT_NAME = "$(TARGET_NAME)";
				STRING_CATALOG_GENERATE_SYMBOLS = NO;
				SWIFT_APPROACHABLE_CONCURRENCY = YES;
				SWIFT_EMIT_LOC_STRINGS = NO;
				SWIFT_UPCOMING_FEATURE_MEMBER_IMPORT_VISIBILITY = YES;
				SWIFT_VERSION = 5.0;
				TARGETED_DEVICE_FAMILY = "1,2";
				TEST_TARGET_NAME = ZikrimDuaVeTesbihat;
			};
			name = Release;
		};
		XX0EF0F49F45AE3908819BXX /* Release */ = {
			isa = XCBuildConfiguration;
			buildSettings = {
				CODE_SIGN_ENTITLEMENTS = ZikrimWidget/ZikrimWidget.entitlements;
				CODE_SIGN_STYLE = Automatic;
				CURRENT_PROJECT_VERSION = 5;
				GENERATE_INFOPLIST_FILE = YES;
				INFOPLIST_FILE = ZikrimWidget/Info.plist;
				INFOPLIST_KEY_CFBundleDisplayName = ZikrimWidget;
				IPHONEOS_DEPLOYMENT_TARGET = 18.0;
				LD_RUNPATH_SEARCH_PATHS = (
					"$(inherited)",
					"@executable_path/Frameworks",
					"@executable_path/../../Frameworks",
				);
				MARKETING_VERSION = 1.0.7;
				PRODUCT_BUNDLE_IDENTIFIER = app.rork.pu2jopnhgtfk3o9m6amda.2de8110f.zikrimwidget;
				PRODUCT_NAME = ZikrimWidget;
				SDKROOT = iphoneos;
				SKIP_INSTALL = YES;
				SUPPORTED_PLATFORMS = "iphoneos iphonesimulator";
				SWIFT_DEFAULT_ACTOR_ISOLATION = MainActor;
				SWIFT_EMIT_LOC_STRINGS = YES;
				SWIFT_VERSION = 5.0;
			};
			name = Release;
		};
		XX4E78B01B0D2E4A2EA677XX /* Debug */ = {
			isa = XCBuildConfiguration;
			buildSettings = {
				CODE_SIGN_ENTITLEMENTS = ZikrimWidget/ZikrimWidget.entitlements;
				CODE_SIGN_STYLE = Automatic;
				CURRENT_PROJECT_VERSION = 5;
				GENERATE_INFOPLIST_FILE = YES;
				INFOPLIST_FILE = ZikrimWidget/Info.plist;
				INFOPLIST_KEY_CFBundleDisplayName = ZikrimWidget;
				IPHONEOS_DEPLOYMENT_TARGET = 18.0;
				LD_RUNPATH_SEARCH_PATHS = (
					"$(inherited)",
					"@executable_path/Frameworks",
					"@executable_path/../../Frameworks",
				);
				MARKETING_VERSION = 1.0.7;
				PRODUCT_BUNDLE_IDENTIFIER = app.rork.pu2jopnhgtfk3o9m6amda.2de8110f.zikrimwidget;
				PRODUCT_NAME = ZikrimWidget;
				SDKROOT = iphoneos;
				SKIP_INSTALL = YES;
				SUPPORTED_PLATFORMS = "iphoneos iphonesimulator";
				SWIFT_DEFAULT_ACTOR_ISOLATION = MainActor;
				SWIFT_EMIT_LOC_STRINGS = YES;
				SWIFT_VERSION = 5.0;
			};
			name = Debug;
		};
/* End XCBuildConfiguration section */

/* Begin XCConfigurationList section */
		105FC5752E9EAD3100EA8BCF /* Build configuration list for PBXProject "ZikrimDuaVeTesbihat" */ = {
			isa = XCConfigurationList;
			buildConfigurations = (
				105FC59B2E9EAD3200EA8BCF /* Debug */,
				105FC59C2E9EAD3200EA8BCF /* Release */,
			);
			defaultConfigurationIsVisible = 0;
			defaultConfigurationName = Release;
		};
		105FC59D2E9EAD3200EA8BCF /* Build configuration list for PBXNativeTarget "ZikrimDuaVeTesbihat" */ = {
			isa = XCConfigurationList;
			buildConfigurations = (
				105FC59E2E9EAD3200EA8BCF /* Debug */,
				105FC59F2E9EAD3200EA8BCF /* Release */,
			);
			defaultConfigurationIsVisible = 0;
			defaultConfigurationName = Release;
		};
		105FC5A02E9EAD3200EA8BCF /* Build configuration list for PBXNativeTarget "ZikrimDuaVeTesbihatTests" */ = {
			isa = XCConfigurationList;
			buildConfigurations = (
				105FC5A12E9EAD3200EA8BCF /* Debug */,
				105FC5A22E9EAD3200EA8BCF /* Release */,
			);
			defaultConfigurationIsVisible = 0;
			defaultConfigurationName = Release;
		};
		105FC5A32E9EAD3200EA8BCF /* Build configuration list for PBXNativeTarget "ZikrimDuaVeTesbihatUITests" */ = {
			isa = XCConfigurationList;
			buildConfigurations = (
				105FC5A42E9EAD3200EA8BCF /* Debug */,
				105FC5A52E9EAD3200EA8BCF /* Release */,
			);
			defaultConfigurationIsVisible = 0;
			defaultConfigurationName = Release;
		};
		XXFBC55A726BB9F21722F0XX /* Build configuration list for PBXNativeTarget "ZikrimWidget" */ = {
			isa = XCConfigurationList;
			buildConfigurations = (
				XX4E78B01B0D2E4A2EA677XX /* Debug */,
				XX0EF0F49F45AE3908819BXX /* Release */,
			);
			defaultConfigurationIsVisible = 0;
			defaultConfigurationName = Release;
		};
/* End XCConfigurationList section */

/* Begin XCRemoteSwiftPackageReference section */
		51CCEAFC2F62A39800B31353 /* XCRemoteSwiftPackageReference "adhan-swift" */ = {
			isa = XCRemoteSwiftPackageReference;
			repositoryURL = "https://github.com/batoulapps/adhan-swift";
			requirement = {
				kind = upToNextMajorVersion;
				minimumVersion = 1.4.0;
			};
		};
		XX1FE789C155F1E4C28057XX /* XCRemoteSwiftPackageReference "swift-package-manager-google-mobile-ads" */ = {
			isa = XCRemoteSwiftPackageReference;
			repositoryURL = "https://github.com/googleads/swift-package-manager-google-mobile-ads.git";
			requirement = {
				kind = upToNextMajorVersion;
				minimumVersion = 11.0.0;
			};
		};
		XX33930A5BFB36815F756DXX /* XCRemoteSwiftPackageReference "ZIPFoundation" */ = {
			isa = XCRemoteSwiftPackageReference;
			repositoryURL = "https://github.com/weichsel/ZIPFoundation.git";
			requirement = {
				kind = upToNextMajorVersion;
				minimumVersion = 0.9.19;
			};
		};
		XX4AC81916604C4344ADC0XX /* XCRemoteSwiftPackageReference "purchases-ios-spm" */ = {
			isa = XCRemoteSwiftPackageReference;
			repositoryURL = "https://github.com/RevenueCat/purchases-ios-spm.git";
			requirement = {
				kind = upToNextMajorVersion;
				minimumVersion = 5.0.0;
			};
		};
		XX5E367D25F4C8BB4A06F5XX /* XCRemoteSwiftPackageReference "GoogleSignIn-iOS" */ = {
			isa = XCRemoteSwiftPackageReference;
			repositoryURL = "https://github.com/google/GoogleSignIn-iOS.git";
			requirement = {
				kind = upToNextMajorVersion;
				minimumVersion = 8.0.0;
			};
		};
		XX9B71512012E8DD248870XX /* XCRemoteSwiftPackageReference "firebase-ios-sdk" */ = {
			isa = XCRemoteSwiftPackageReference;
			repositoryURL = "https://github.com/firebase/firebase-ios-sdk.git";
			requirement = {
				kind = upToNextMajorVersion;
				minimumVersion = 11.0.0;
			};
		};
/* End XCRemoteSwiftPackageReference section */

/* Begin XCSwiftPackageProductDependency section */
		51CCEAFE2F62A4B600B31353 /* Adhan */ = {
			isa = XCSwiftPackageProductDependency;
			package = 51CCEAFC2F62A39800B31353 /* XCRemoteSwiftPackageReference "adhan-swift" */;
			productName = Adhan;
		};
		XX29D523DEC070072754C1XX /* ZIPFoundation */ = {
			isa = XCSwiftPackageProductDependency;
			package = XX33930A5BFB36815F756DXX /* XCRemoteSwiftPackageReference "ZIPFoundation" */;
			productName = ZIPFoundation;
		};
		XX8A164A1710FD6D9E33FEXX /* FirebaseAuth */ = {
			isa = XCSwiftPackageProductDependency;
			package = XX9B71512012E8DD248870XX /* XCRemoteSwiftPackageReference "firebase-ios-sdk" */;
			productName = FirebaseAuth;
		};
		XX8F494C59FCF7797D1C3CXX /* GoogleMobileAds */ = {
			isa = XCSwiftPackageProductDependency;
			package = XX1FE789C155F1E4C28057XX /* XCRemoteSwiftPackageReference "swift-package-manager-google-mobile-ads" */;
			productName = GoogleMobileAds;
		};
		XXB48B343CDA2FFA072770XX /* GoogleSignIn */ = {
			isa = XCSwiftPackageProductDependency;
			package = XX5E367D25F4C8BB4A06F5XX /* XCRemoteSwiftPackageReference "GoogleSignIn-iOS" */;
			productName = GoogleSignIn;
		};
		XXC748406B27E3C1B9FE9CXX /* FirebaseCore */ = {
			isa = XCSwiftPackageProductDependency;
			package = XX9B71512012E8DD248870XX /* XCRemoteSwiftPackageReference "firebase-ios-sdk" */;
			productName = FirebaseCore;
		};
		XXDCC169DE7B2F3C1C8B10XX /* RevenueCat */ = {
			isa = XCSwiftPackageProductDependency;
			package = XX4AC81916604C4344ADC0XX /* XCRemoteSwiftPackageReference "purchases-ios-spm" */;
			productName = RevenueCat;
		};
		XXEAC818FB99284308FEDEXX /* RevenueCatUI */ = {
			isa = XCSwiftPackageProductDependency;
			package = XX4AC81916604C4344ADC0XX /* XCRemoteSwiftPackageReference "purchases-ios-spm" */;
			productName = RevenueCatUI;
		};
		XXFCMPRODUCTDEP01XX /* FirebaseMessaging */ = {
			isa = XCSwiftPackageProductDependency;
			package = XX9B71512012E8DD248870XX /* XCRemoteSwiftPackageReference "firebase-ios-sdk" */;
			productName = FirebaseMessaging;
		};
/* End XCSwiftPackageProductDependency section */
	};
	rootObject = 105FC5722E9EAD3100EA8BCF /* Project object */;
}
